{
  "name": "urql-pluralsight",
  "version": "1.0.0",
  "lockfileVersion": 2,
  "requires": true,
  "packages": {
    "": {
      "version": "1.0.0",
      "license": "MIT",
      "dependencies": {
        "@urql/core": "^2.3.1",
        "dotenv": "^10.0.0",
        "graphql": "^15.5.3",
        "node-fetch": "^3.0.0"
      },
      "devDependencies": {
        "@types/node": "^16.10.1",
        "typescript": "^4.4.3"
      }
    },
    "node_modules/@graphql-typed-document-node/core": {
      "version": "3.1.0",
      "resolved": "https://registry.npmjs.org/@graphql-typed-document-node/core/-/core-3.1.0.tgz",
      "integrity": "sha512-wYn6r8zVZyQJ6rQaALBEln5B1pzxb9shV5Ef97kTvn6yVGrqyXVnDqnU24MXnFubR+rZjBY9NWuxX3FB2sTsjg=="
    },
    "node_modules/@types/node": {
      "version": "16.10.1",
      "resolved": "https://registry.npmjs.org/@types/node/-/node-16.10.1.tgz",
      "integrity": "sha512-4/Z9DMPKFexZj/Gn3LylFgamNKHm4K3QDi0gz9B26Uk0c8izYf97B5fxfpspMNkWlFupblKM/nV8+NA9Ffvr+w==",
      "dev": true
    },
    "node_modules/@urql/core": {
      "version": "2.3.1",
      "resolved": "https://registry.npmjs.org/@urql/core/-/core-2.3.1.tgz",
      "integrity": "sha512-M9gGz02+TH7buqkelVg+m0eTkLCKly9ZjuTp6NHMP7hXD/zpImPu/m3YluA+D4HbFqw3kofBtLCuVk67X9dxRw==",
      "dependencies": {
        "@graphql-typed-document-node/core": "^3.1.0",
        "wonka": "^4.0.14"
      }
    },
    "node_modules/data-uri-to-buffer": {
      "version": "3.0.1",
      "resolved": "https://registry.npmjs.org/data-uri-to-buffer/-/data-uri-to-buffer-3.0.1.tgz",
      "integrity": "sha512-WboRycPNsVw3B3TL559F7kuBUM4d8CgMEvk6xEJlOp7OBPjt6G7z8WMWlD2rOFZLk6OYfFIUGsCOWzcQH9K2og==",
      "engines": {
        "node": ">= 6"
      }
    },
    "node_modules/dotenv": {
      "version": "10.0.0",
      "resolved": "https://registry.npmjs.org/dotenv/-/dotenv-10.0.0.tgz",
      "integrity": "sha512-rlBi9d8jpv9Sf1klPjNfFAuWDjKLwTIJJ/VxtoTwIR6hnZxcEOQCZg2oIL3MWBYw5GpUDKOEnND7LXTbIpQ03Q==",
      "engines": {
        "node": ">=10"
      }
    },
    "node_modules/fetch-blob": {
      "version": "3.1.2",
      "resolved": "https://registry.npmjs.org/fetch-blob/-/fetch-blob-3.1.2.tgz",
      "integrity": "sha512-hunJbvy/6OLjCD0uuhLdp0mMPzP/yd2ssd1t2FCJsaA7wkWhpbp9xfuNVpv7Ll4jFhzp6T4LAupSiV9uOeg0VQ==",
      "dependencies": {
        "web-streams-polyfill": "^3.0.3"
      },
      "engines": {
        "node": "^12.20 || >= 14.13"
      }
    },
    "node_modules/graphql": {
      "version": "15.6.0",
      "resolved": "https://registry.npmjs.org/graphql/-/graphql-15.6.0.tgz",
      "integrity": "sha512-WJR872Zlc9hckiEPhXgyUftXH48jp2EjO5tgBBOyNMRJZ9fviL2mJBD6CAysk6N5S0r9BTs09Qk39nnJBkvOXQ==",
      "engines": {
        "node": ">= 10.x"
      }
    },
    "node_modules/node-fetch": {
      "version": "3.0.0",
      "resolved": "https://registry.npmjs.org/node-fetch/-/node-fetch-3.0.0.tgz",
      "integrity": "sha512-bKMI+C7/T/SPU1lKnbQbwxptpCrG9ashG+VkytmXCPZyuM9jB6VU+hY0oi4lC8LxTtAeWdckNCTa3nrGsAdA3Q==",
      "dependencies": {
        "data-uri-to-buffer": "^3.0.1",
        "fetch-blob": "^3.1.2"
      },
      "engines": {
        "node": "^12.20.0 || ^14.13.1 || >=16.0.0"
      }
    },
    "node_modules/typescript": {
      "version": "4.4.3",
      "resolved": "https://registry.npmjs.org/typescript/-/typescript-4.4.3.tgz",
      "integrity": "sha512-4xfscpisVgqqDfPaJo5vkd+Qd/ItkoagnHpufr+i2QCHBsNYp+G7UAoyFl8aPtx879u38wPV65rZ8qbGZijalA==",
      "dev": true,
      "bin": {
        "tsc": "bin/tsc",
        "tsserver": "bin/tsserver"
      },
      "engines": {
        "node": ">=4.2.0"
      }
    },
    "node_modules/web-streams-polyfill": {
      "version": "3.1.1",
      "resolved": "https://registry.npmjs.org/web-streams-polyfill/-/web-streams-polyfill-3.1.1.tgz",
      "integrity": "sha512-Czi3fG883e96T4DLEPRvufrF2ydhOOW1+1a6c3gNjH2aIh50DNFBdfwh2AKoOf1rXvpvavAoA11Qdq9+BKjE0Q==",
      "engines": {
        "node": ">= 8"
      }
    },
    "node_modules/wonka": {
      "version": "4.0.15",
      "resolved": "https://registry.npmjs.org/wonka/-/wonka-4.0.15.tgz",
      "integrity": "sha512-U0IUQHKXXn6PFo9nqsHphVCE5m3IntqZNB9Jjn7EB1lrR7YTDY3YWgFvEvwniTzXSvOH/XMzAZaIfJF/LvHYXg=="
    }
  },
  "dependencies": {
    "@graphql-typed-document-node/core": {
      "version": "3.1.0",
      "resolved": "https://registry.npmjs.org/@graphql-typed-document-node/core/-/core-3.1.0.tgz",
      "integrity": "sha512-wYn6r8zVZyQJ6rQaALBEln5B1pzxb9shV5Ef97kTvn6yVGrqyXVnDqnU24MXnFubR+rZjBY9NWuxX3FB2sTsjg=="
    },
    "@types/node": {
      "version": "16.10.1",
      "resolved": "https://registry.npmjs.org/@types/node/-/node-16.10.1.tgz",
      "integrity": "sha512-4/Z9DMPKFexZj/Gn3LylFgamNKHm4K3QDi0gz9B26Uk0c8izYf97B5fxfpspMNkWlFupblKM/nV8+NA9Ffvr+w==",
      "dev": true
    },
    "@urql/core": {
      "version": "2.3.1",
      "resolved": "https://registry.npmjs.org/@urql/core/-/core-2.3.1.tgz",
      "integrity": "sha512-M9gGz02+TH7buqkelVg+m0eTkLCKly9ZjuTp6NHMP7hXD/zpImPu/m3YluA+D4HbFqw3kofBtLCuVk67X9dxRw==",
      "requires": {
        "@graphql-typed-document-node/core": "^3.1.0",
        "wonka": "^4.0.14"
      }
    },
    "data-uri-to-buffer": {
      "version": "3.0.1",
      "resolved": "https://registry.npmjs.org/data-uri-to-buffer/-/data-uri-to-buffer-3.0.1.tgz",
      "integrity": "sha512-WboRycPNsVw3B3TL559F7kuBUM4d8CgMEvk6xEJlOp7OBPjt6G7z8WMWlD2rOFZLk6OYfFIUGsCOWzcQH9K2og=="
    },
    "dotenv": {
      "version": "10.0.0",
      "resolved": "https://registry.npmjs.org/dotenv/-/dotenv-10.0.0.tgz",
      "integrity": "sha512-rlBi9d8jpv9Sf1klPjNfFAuWDjKLwTIJJ/VxtoTwIR6hnZxcEOQCZg2oIL3MWBYw5GpUDKOEnND7LXTbIpQ03Q=="
    },
    "fetch-blob": {
      "version": "3.1.2",
      "resolved": "https://registry.npmjs.org/fetch-blob/-/fetch-blob-3.1.2.tgz",
      "integrity": "sha512-hunJbvy/6OLjCD0uuhLdp0mMPzP/yd2ssd1t2FCJsaA7wkWhpbp9xfuNVpv7Ll4jFhzp6T4LAupSiV9uOeg0VQ==",
      "requires": {
        "web-streams-polyfill": "^3.0.3"
      }
    },
    "graphql": {
      "version": "15.6.0",
      "resolved": "https://registry.npmjs.org/graphql/-/graphql-15.6.0.tgz",
      "integrity": "sha512-WJR872Zlc9hckiEPhXgyUftXH48jp2EjO5tgBBOyNMRJZ9fviL2mJBD6CAysk6N5S0r9BTs09Qk39nnJBkvOXQ=="
    },
    "node-fetch": {
      "version": "3.0.0",
      "resolved": "https://registry.npmjs.org/node-fetch/-/node-fetch-3.0.0.tgz",
      "integrity": "sha512-bKMI+C7/T/SPU1lKnbQbwxptpCrG9ashG+VkytmXCPZyuM9jB6VU+hY0oi4lC8LxTtAeWdckNCTa3nrGsAdA3Q==",
      "requires": {
        "data-uri-to-buffer": "^3.0.1",
        "fetch-blob": "^3.1.2"
      }
    },
    "typescript": {
      "version": "4.4.3",
      "resolved": "https://registry.npmjs.org/typescript/-/typescript-4.4.3.tgz",
      "integrity": "sha512-4xfscpisVgqqDfPaJo5vkd+Qd/ItkoagnHpufr+i2QCHBsNYp+G7UAoyFl8aPtx879u38wPV65rZ8qbGZijalA==",
      "dev": true
    },
    "web-streams-polyfill": {
      "version": "3.1.1",
      "resolved": "https://registry.npmjs.org/web-streams-polyfill/-/web-streams-polyfill-3.1.1.tgz",
      "integrity": "sha512-Czi3fG883e96T4DLEPRvufrF2ydhOOW1+1a6c3gNjH2aIh50DNFBdfwh2AKoOf1rXvpvavAoA11Qdq9+BKjE0Q=="
    },
    "wonka": {
      "version": "4.0.15",
      "resolved": "https://registry.npmjs.org/wonka/-/wonka-4.0.15.tgz",
      "integrity": "sha512-U0IUQHKXXn6PFo9nqsHphVCE5m3IntqZNB9Jjn7EB1lrR7YTDY3YWgFvEvwniTzXSvOH/XMzAZaIfJF/LvHYXg=="
    }
  }
}
